
Microsoft Visual Studio Solution File, Format Version 12.00
# Visual Studio Version 17
VisualStudioVersion = 17.2.32616.157
MinimumVisualStudioVersion = 10.0.40219.1
Project("{FAE04EC0-301F-11D3-BF4B-00C04F79EFBC}") = "BetterBackoff", "BetterBackoff\BetterBackoff.csproj", "{69CAA98E-B9D4-4D2E-AE0E-4906E7D5E351}"
EndProject
Project("{FAE04EC0-301F-11D3-BF4B-00C04F79EFBC}") = "BetterBackoff.Tests", "BetterBackoff.Tests\BetterBackoff.Tests.csproj", "{AC6A5D0F-B68C-40D8-A9A8-B72CE848B334}"
EndProject
Global
	GlobalSection(SolutionConfigurationPlatforms) = preSolution
		Debug|Any CPU = Debug|Any CPU
		Release|Any CPU = Release|Any CPU
	EndGlobalSection
	GlobalSection(ProjectConfigurationPlatforms) = postSolution
		{69CAA98E-B9D4-4D2E-AE0E-4906E7D5E351}.Debug|Any CPU.ActiveCfg = Debug|Any CPU
		{69CAA98E-B9D4-4D2E-AE0E-4906E7D5E351}.Debug|Any CPU.Build.0 = Debug|Any CPU
		{69CAA98E-B9D4-4D2E-AE0E-4906E7D5E351}.Release|Any CPU.ActiveCfg = Release|Any CPU
		{69CAA98E-B9D4-4D2E-AE0E-4906E7D5E351}.Release|Any CPU.Build.0 = Release|Any CPU
		{AC6A5D0F-B68C-40D8-A9A8-B72CE848B334}.Debug|Any CPU.ActiveCfg = Debug|Any CPU
		{AC6A5D0F-B68C-40D8-A9A8-B72CE848B334}.Debug|Any CPU.Build.0 = Debug|Any CPU
		{AC6A5D0F-B68C-40D8-A9A8-B72CE848B334}.Release|Any CPU.ActiveCfg = Release|Any CPU
		{AC6A5D0F-B68C-40D8-A9A8-B72CE848B334}.Release|Any CPU.Build.0 = Release|Any CPU
	EndGlobalSection
	GlobalSection(SolutionProperties) = preSolution
		HideSolutionNode = FALSE
	EndGlobalSection
	GlobalSection(ExtensibilityGlobals) = postSolution
		SolutionGuid = {BFC24D7F-AF94-4DB6-8BD1-45B8B924B2BB}
	EndGlobalSection
EndGlobal
